
Microsoft Visual Studio Solution File, Format Version 12.00
# Visual Studio Version 17
VisualStudioVersion = 17.7.34221.43
MinimumVisualStudioVersion = 10.0.40219.1
Project("{FAE04EC0-301F-11D3-BF4B-00C04F79EFBC}") = "Hatch_Wacom_Tablet_Helper", "Hatch_Wacom_Tablet_Helper\Hatch_Wacom_Tablet_Helper.csproj", "{BE2CB78D-1705-4145-8DEA-679E02412BFB}"
EndProject
Global
	GlobalSection(SolutionConfigurationPlatforms) = preSolution
		Debug|Any CPU = Debug|Any CPU
		Release|Any CPU = Release|Any CPU
	EndGlobalSection
	GlobalSection(ProjectConfigurationPlatforms) = postSolution
		{BE2CB78D-1705-4145-8DEA-679E02412BFB}.Debug|Any CPU.ActiveCfg = Debug|Any CPU
		{BE2CB78D-1705-4145-8DEA-679E02412BFB}.Debug|Any CPU.Build.0 = Debug|Any CPU
		{BE2CB78D-1705-4145-8DEA-679E02412BFB}.Release|Any CPU.ActiveCfg = Release|Any CPU
		{BE2CB78D-1705-4145-8DEA-679E02412BFB}.Release|Any CPU.Build.0 = Release|Any CPU
	EndGlobalSection
	GlobalSection(SolutionProperties) = preSolution
		HideSolutionNode = FALSE
	EndGlobalSection
	GlobalSection(ExtensibilityGlobals) = postSolution
		SolutionGuid = {485AB3CF-79F7-4A24-948B-A301927DCE60}
	EndGlobalSection
EndGlobal
